<?xml version="1.0" encoding="UTF-8" standalone="yes" ?>
<CodeBlocks_project_file>
	<FileVersion major="1" minor="6" />
	<Project>
		<Option title="BudgetApp" />
		<Option pch_mode="2" />
		<Option compiler="gcc" />
		<Build>
			<Target title="Debug">
				<Option output="bin/Debug/BudgetApp" prefix_auto="1" extension_auto="1" />
				<Option object_output="obj/Debug/" />
				<Option type="1" />
				<Option compiler="gcc" />
				<Compiler>
					<Add option="-g" />
				</Compiler>
			</Target>
			<Target title="Release">
				<Option output="bin/Release/BudgetApp" prefix_auto="1" extension_auto="1" />
				<Option object_output="obj/Release/" />
				<Option type="1" />
				<Option compiler="gcc" />
				<Compiler>
					<Add option="-O2" />
				</Compiler>
				<Linker>
					<Add option="-s" />
				</Linker>
			</Target>
		</Build>
		<Compiler>
			<Add option="-Wall" />
			<Add option="-fexceptions" />
		</Compiler>
		<Unit filename="AuxiliaryMethods.cpp" />
		<Unit filename="AuxiliaryMethods.h" />
		<Unit filename="DateManager.cpp" />
		<Unit filename="DateManager.h" />
		<Unit filename="Markup.cpp" />
		<Unit filename="Markup.h" />
		<Unit filename="MoneyRecord.cpp" />
		<Unit filename="MoneyRecord.h" />
		<Unit filename="MoneyRecordManager.cpp" />
		<Unit filename="MoneyRecordManager.h" />
		<Unit filename="PersonalBudgetManager.cpp" />
		<Unit filename="PersonalBudgetManager.h" />
		<Unit filename="User.cpp" />
		<Unit filename="User.h" />
		<Unit filename="UserManager.cpp" />
		<Unit filename="UserManager.h" />
		<Unit filename="XMLFileWithExpanses.cpp" />
		<Unit filename="XMLFileWithExpanses.h" />
		<Unit filename="XMLFileWithIncomes.cpp" />
		<Unit filename="XMLFileWithIncomes.h" />
		<Unit filename="XMLFileWithUsers.cpp" />
		<Unit filename="XMLFileWithUsers.h" />
		<Unit filename="main.cpp" />
		<Extensions>
			<code_completion />
			<envvars />
			<debugger />
			<lib_finder disable_auto="1" />
		</Extensions>
	</Project>
</CodeBlocks_project_file>
